// !$*UTF8*$!
{
	archiveVersion = 1;
	classes = {
	};
	objectVersion = 46;
	objects = {

/* Begin PBXBuildFile section */
		DEA784E1156B28EA0052657D /* main.c in Sources */ = {isa = PBXBuildFile; fileRef = DEA784E0156B28EA0052657D /* main.c */; };
		DEA784E3156B28EA0052657D /* calcspace.1 in CopyFiles */ = {isa = PBXBuildFile; fileRef = DEA784E2156B28EA0052657D /* calcspace.1 */; };
/* End PBXBuildFile section */

/* Begin PBXCopyFilesBuildPhase section */
		DEA784DA156B28EA0052657D /* CopyFiles */ = {
			isa = PBXCopyFilesBuildPhase;
			buildActionMask = 2147483647;
			dstPath = /usr/share/man/man1/;
			dstSubfolderSpec = 0;
			files = (
				DEA784E3156B28EA0052657D /* calcspace.1 in CopyFiles */,
			);
			runOnlyForDeploymentPostprocessing = 1;
		};
/* End PBXCopyFilesBuildPhase section */

/* Begin PBXFileReference section */
		DEA784DC156B28EA0052657D /* calcspace */ = {isa = PBXFileReference; explicitFileType = "compiled.mach-o.executable"; includeInIndex = 0; path = calcspace; sourceTree = BUILT_PRODUCTS_DIR; };
		DEA784E0156B28EA0052657D /* main.c */ = {isa = PBXFileReference; lastKnownFileType = sourcecode.c.c; path = main.c; sourceTree = "<group>"; };
		DEA784E2156B28EA0052657D /* calcspace.1 */ = {isa = PBXFileReference; lastKnownFileType = text.man; path = calcspace.1; sourceTree = "<group>"; };
/* End PBXFileReference section */

/* Begin PBXFrameworksBuildPhase section */
		DEA784D9156B28EA0052657D /* Frameworks */ = {
			isa = PBXFrameworksBuildPhase;
			buildActionMask = 2147483647;
			files = (
			);
			runOnlyForDeploymentPostprocessing = 0;
		};
/* End PBXFrameworksBuildPhase section */

/* Begin PBXGroup section */
		DEA784D1156B28EA0052657D = {
			isa = PBXGroup;
			children = (
				DEA784DF156B28EA0052657D /* calcspace */,
				DEA784DD156B28EA0052657D /* Products */,
			);
			sourceTree = "<group>";
		};
		DEA784DD156B28EA0052657D /* Products */ = {
			isa = PBXGroup;
			children = (
				DEA784DC156B28EA0052657D /* calcspace */,
			);
			name = Products;
			sourceTree = "<group>";
		};
		DEA784DF156B28EA0052657D /* calcspace */ = {
			isa = PBXGroup;
			children = (
				DEA784E0156B28EA0052657D /* main.c */,
				DEA784E2156B28EA0052657D /* calcspace.1 */,
			);
			path = calcspace;
			sourceTree = "<group>";
		};
/* End PBXGroup section */

/* Begin PBXNativeTarget section */
		DEA784DB156B28EA0052657D /* calcspace */ = {
			isa = PBXNativeTarget;
			buildConfigurationList = DEA784E6156B28EA0052657D /* Build configuration list for PBXNativeTarget "calcspace" */;
			buildPhases = (
				DEA784D8156B28EA0052657D /* Sources */,
				DEA784D9156B28EA0052657D /* Frameworks */,
				DEA784DA156B28EA0052657D /* CopyFiles */,
			);
			buildRules = (
			);
			dependencies = (
			);
			name = calcspace;
			productName = calcspace;
			productReference = DEA784DC156B28EA0052657D /* calcspace */;
			productType = "com.apple.product-type.tool";
		};
/* End PBXNativeTarget section */

/* Begin PBXProject section */
		DEA784D3156B28EA0052657D /* Project object */ = {
			isa = PBXProject;
			attributes = {
				LastUpgradeCheck = 0420;
			};
			buildConfigurationList = DEA784D6156B28EA0052657D /* Build configuration list for PBXProject "calcspace" */;
			compatibilityVersion = "Xcode 3.2";
			developmentRegion = English;
			hasScannedForEncodings = 0;
			knownRegions = (
				en,
			);
			mainGroup = DEA784D1156B28EA0052657D;
			productRefGroup = DEA784DD156B28EA0052657D /* Products */;
			projectDirPath = "";
			projectRoot = "";
			targets = (
				DEA784DB156B28EA0052657D /* calcspace */,
			);
		};
/* End PBXProject section */

/* Begin PBXSourcesBuildPhase section */
		DEA784D8156B28EA0052657D /* Sources */ = {
			isa = PBXSourcesBuildPhase;
			buildActionMask = 2147483647;
			files = (
				DEA784E1156B28EA0052657D /* main.c in Sources */,
			);
			runOnlyForDeploymentPostprocessing = 0;
		};
/* End PBXSourcesBuildPhase section */

/* Begin XCBuildConfiguration section */
		DEA784E4156B28EA0052657D /* Debug */ = {
			isa = XCBuildConfiguration;
			buildSettings = {
				ALWAYS_SEARCH_USER_PATHS = NO;
				ARCHS = "$(ARCHS_STANDARD_64_BIT)";
				COPY_PHASE_STRIP = NO;
				GCC_C_LANGUAGE_STANDARD = gnu99;
				GCC_DYNAMIC_NO_PIC = NO;
				GCC_ENABLE_OBJC_EXCEPTIONS = YES;
				GCC_OPTIMIZATION_LEVEL = 0;
				GCC_PREPROCESSOR_DEFINITIONS = (
					"DEBUG=1",
					"$(inherited)",
				);
				GCC_SYMBOLS_PRIVATE_EXTERN = NO;
				GCC_VERSION = com.apple.compilers.llvm.clang.1_0;
				GCC_WARN_64_TO_32_BIT_CONVERSION = YES;
				GCC_WARN_ABOUT_MISSING_PROTOTYPES = YES;
				GCC_WARN_ABOUT_RETURN_TYPE = YES;
				GCC_WARN_UNUSED_VARIABLE = YES;
				MACOSX_DEPLOYMENT_TARGET = 10.6;
				ONLY_ACTIVE_ARCH = YES;
				SDKROOT = macosx;
			};
			name = Debug;
		};
		DEA784E5156B28EA0052657D /* Release */ = {
			isa = XCBuildConfiguration;
			buildSettings = {
				ALWAYS_SEARCH_USER_PATHS = NO;
				ARCHS = "$(ARCHS_STANDARD_64_BIT)";
				COPY_PHASE_STRIP = YES;
				DEBUG_INFORMATION_FORMAT = "dwarf-with-dsym";
				GCC_C_LANGUAGE_STANDARD = gnu99;
				GCC_ENABLE_OBJC_EXCEPTIONS = YES;
				GCC_VERSION = com.apple.compilers.llvm.clang.1_0;
				GCC_WARN_64_TO_32_BIT_CONVERSION = YES;
				GCC_WARN_ABOUT_MISSING_PROTOTYPES = YES;
				GCC_WARN_ABOUT_RETURN_TYPE = YES;
				GCC_WARN_UNUSED_VARIABLE = YES;
				MACOSX_DEPLOYMENT_TARGET = 10.6;
				SDKROOT = macosx;
			};
			name = Release;
		};
		DEA784E7156B28EA0052657D /* Debug */ = {
			isa = XCBuildConfiguration;
			buildSettings = {
				ARCHS = "$(ARCHS_STANDARD_32_64_BIT)";
				GCC_PREPROCESSOR_DEFINITIONS = "DEBUG=0";
				ONLY_ACTIVE_ARCH = NO;
				PRODUCT_NAME = "$(TARGET_NAME)";
			};
			name = Debug;
		};
		DEA784E8156B28EA0052657D /* Release */ = {
			isa = XCBuildConfiguration;
			buildSettings = {
				ARCHS = "$(ARCHS_STANDARD_32_64_BIT)";
				PRODUCT_NAME = "$(TARGET_NAME)";
			};
			name = Release;
		};
/* End XCBuildConfiguration section */

/* Begin XCConfigurationList section */
		DEA784D6156B28EA0052657D /* Build configuration list for PBXProject "calcspace" */ = {
			isa = XCConfigurationList;
			buildConfigurations = (
				DEA784E4156B28EA0052657D /* Debug */,
				DEA784E5156B28EA0052657D /* Release */,
			);
			defaultConfigurationIsVisible = 0;
			defaultConfigurationName = Release;
		};
		DEA784E6156B28EA0052657D /* Build configuration list for PBXNativeTarget "calcspace" */ = {
			isa = XCConfigurationList;
			buildConfigurations = (
				DEA784E7156B28EA0052657D /* Debug */,
				DEA784E8156B28EA0052657D /* Release */,
			);
			defaultConfigurationIsVisible = 0;
		};
/* End XCConfigurationList section */
	};
	rootObject = DEA784D3156B28EA0052657D /* Project object */;
}
